
Microsoft Visual Studio Solution File, Format Version 12.00
# Visual Studio Version 17
VisualStudioVersion = 17.7.34024.191
MinimumVisualStudioVersion = 10.0.40219.1
Project("{9A19103F-16F7-4668-BE54-9A1E7A4F7556}") = "Store.Infrastructure", "Store.Infrastructure\Store.Infrastructure.csproj", "{FB50264C-7F80-421E-ADD5-C75C8F030332}"
EndProject
Project("{9A19103F-16F7-4668-BE54-9A1E7A4F7556}") = "Store.WebApi", "Store.WebApi\Store.WebApi.csproj", "{B2B66F69-53B9-453A-85CC-826431DAC2FE}"
	ProjectSection(ProjectDependencies) = postProject
		{C933076A-D9D8-4DBE-BA09-7DF493678571} = {C933076A-D9D8-4DBE-BA09-7DF493678571}
		{FB50264C-7F80-421E-ADD5-C75C8F030332} = {FB50264C-7F80-421E-ADD5-C75C8F030332}
	EndProjectSection
EndProject
Project("{FAE04EC0-301F-11D3-BF4B-00C04F79EFBC}") = "Store.ApplicationCore", "Store.ApplicationCore\Store.ApplicationCore.csproj", "{1876B75D-2260-4721-A8BA-905F42ECA5B8}"
EndProject
Global
	GlobalSection(SolutionConfigurationPlatforms) = preSolution
		Debug|Any CPU = Debug|Any CPU
		Release|Any CPU = Release|Any CPU
	EndGlobalSection
	GlobalSection(ProjectConfigurationPlatforms) = postSolution
		{FB50264C-7F80-421E-ADD5-C75C8F030332}.Debug|Any CPU.ActiveCfg = Debug|Any CPU
		{FB50264C-7F80-421E-ADD5-C75C8F030332}.Debug|Any CPU.Build.0 = Debug|Any CPU
		{FB50264C-7F80-421E-ADD5-C75C8F030332}.Release|Any CPU.ActiveCfg = Release|Any CPU
		{FB50264C-7F80-421E-ADD5-C75C8F030332}.Release|Any CPU.Build.0 = Release|Any CPU
		{B2B66F69-53B9-453A-85CC-826431DAC2FE}.Debug|Any CPU.ActiveCfg = Debug|Any CPU
		{B2B66F69-53B9-453A-85CC-826431DAC2FE}.Debug|Any CPU.Build.0 = Debug|Any CPU
		{B2B66F69-53B9-453A-85CC-826431DAC2FE}.Release|Any CPU.ActiveCfg = Release|Any CPU
		{B2B66F69-53B9-453A-85CC-826431DAC2FE}.Release|Any CPU.Build.0 = Release|Any CPU
		{1876B75D-2260-4721-A8BA-905F42ECA5B8}.Debug|Any CPU.ActiveCfg = Debug|Any CPU
		{1876B75D-2260-4721-A8BA-905F42ECA5B8}.Debug|Any CPU.Build.0 = Debug|Any CPU
		{1876B75D-2260-4721-A8BA-905F42ECA5B8}.Release|Any CPU.ActiveCfg = Release|Any CPU
		{1876B75D-2260-4721-A8BA-905F42ECA5B8}.Release|Any CPU.Build.0 = Release|Any CPU
	EndGlobalSection
	GlobalSection(SolutionProperties) = preSolution
		HideSolutionNode = FALSE
	EndGlobalSection
	GlobalSection(ExtensibilityGlobals) = postSolution
		SolutionGuid = {D1DD1B09-A201-45C5-9315-D3166EF9E007}
	EndGlobalSection
EndGlobal
